// !$*UTF8*$!
{
	archiveVersion = 1;
	classes = {
	};
	objectVersion = 56;
	objects = {

/* Begin PBXBuildFile section */
		75DF66202A5C2976006C6FD7 /* AppDelegate.swift in Sources */ = {isa = PBXBuildFile; fileRef = 75DF661F2A5C2976006C6FD7 /* AppDelegate.swift */; };
		75DF66222A5C2976006C6FD7 /* SceneDelegate.swift in Sources */ = {isa = PBXBuildFile; fileRef = 75DF66212A5C2976006C6FD7 /* SceneDelegate.swift */; };
		75DF66272A5C2976006C6FD7 /* Main.storyboard in Resources */ = {isa = PBXBuildFile; fileRef = 75DF66252A5C2976006C6FD7 /* Main.storyboard */; };
		75DF66292A5C2978006C6FD7 /* Assets.xcassets in Resources */ = {isa = PBXBuildFile; fileRef = 75DF66282A5C2978006C6FD7 /* Assets.xcassets */; };
		75DF662C2A5C2978006C6FD7 /* LaunchScreen.storyboard in Resources */ = {isa = PBXBuildFile; fileRef = 75DF662A2A5C2978006C6FD7 /* LaunchScreen.storyboard */; };
		75DF663D2A5C2DDA006C6FD7 /* FindAcronymViewController.swift in Sources */ = {isa = PBXBuildFile; fileRef = 75DF663C2A5C2DDA006C6FD7 /* FindAcronymViewController.swift */; };
		75DF663F2A5C2EA2006C6FD7 /* FindAcronymViewModel.swift in Sources */ = {isa = PBXBuildFile; fileRef = 75DF663E2A5C2EA2006C6FD7 /* FindAcronymViewModel.swift */; };
		75DF66422A5C4883006C6FD7 /* WebServiceManager.swift in Sources */ = {isa = PBXBuildFile; fileRef = 75DF66412A5C4883006C6FD7 /* WebServiceManager.swift */; };
		75DF66442A5C4E96006C6FD7 /* Product.swift in Sources */ = {isa = PBXBuildFile; fileRef = 75DF66432A5C4E96006C6FD7 /* Product.swift */; };
		75DF66492A5C72E4006C6FD7 /* Products.json in Resources */ = {isa = PBXBuildFile; fileRef = 75DF66482A5C72E4006C6FD7 /* Products.json */; };
		75FE7AA32A5D28C200B5B3BE /* ProductTableViewCell.swift in Sources */ = {isa = PBXBuildFile; fileRef = 75FE7AA22A5D28C200B5B3BE /* ProductTableViewCell.swift */; };
		75FE7AAD2A5D45AE00B5B3BE /* FindAcronymMeaningTests.swift in Sources */ = {isa = PBXBuildFile; fileRef = 75FE7AAC2A5D45AE00B5B3BE /* FindAcronymMeaningTests.swift */; };
		E2AFB8A22A5FBCAA008E99B5 /* FindAcronymViewControllerTests.swift in Sources */ = {isa = PBXBuildFile; fileRef = E2AFB8A12A5FBCAA008E99B5 /* FindAcronymViewControllerTests.swift */; };
		E2AFB8A32A5FBE5B008E99B5 /* FindAcronymViewModelTests.swift in Sources */ = {isa = PBXBuildFile; fileRef = 75FE7AB32A5D45FF00B5B3BE /* FindAcronymViewModelTests.swift */; };
/* End PBXBuildFile section */

/* Begin PBXContainerItemProxy section */
		75FE7AAE2A5D45AE00B5B3BE /* PBXContainerItemProxy */ = {
			isa = PBXContainerItemProxy;
			containerPortal = 75DF66142A5C2976006C6FD7 /* Project object */;
			proxyType = 1;
			remoteGlobalIDString = 75DF661B2A5C2976006C6FD7;
			remoteInfo = FindAcronymMeaning;
		};
/* End PBXContainerItemProxy section */

/* Begin PBXFileReference section */
		75DF661C2A5C2976006C6FD7 /* FindAcronymMeaning.app */ = {isa = PBXFileReference; explicitFileType = wrapper.application; includeInIndex = 0; path = FindAcronymMeaning.app; sourceTree = BUILT_PRODUCTS_DIR; };
		75DF661F2A5C2976006C6FD7 /* AppDelegate.swift */ = {isa = PBXFileReference; lastKnownFileType = sourcecode.swift; path = AppDelegate.swift; sourceTree = "<group>"; };
		75DF66212A5C2976006C6FD7 /* SceneDelegate.swift */ = {isa = PBXFileReference; lastKnownFileType = sourcecode.swift; path = SceneDelegate.swift; sourceTree = "<group>"; };
		75DF66262A5C2976006C6FD7 /* Base */ = {isa = PBXFileReference; lastKnownFileType = file.storyboard; name = Base; path = Base.lproj/Main.storyboard; sourceTree = "<group>"; };
		75DF66282A5C2978006C6FD7 /* Assets.xcassets */ = {isa = PBXFileReference; lastKnownFileType = folder.assetcatalog; path = Assets.xcassets; sourceTree = "<group>"; };
		75DF662B2A5C2978006C6FD7 /* Base */ = {isa = PBXFileReference; lastKnownFileType = file.storyboard; name = Base; path = Base.lproj/LaunchScreen.storyboard; sourceTree = "<group>"; };
		75DF662D2A5C2978006C6FD7 /* Info.plist */ = {isa = PBXFileReference; lastKnownFileType = text.plist.xml; path = Info.plist; sourceTree = "<group>"; };
		75DF663C2A5C2DDA006C6FD7 /* FindAcronymViewController.swift */ = {isa = PBXFileReference; lastKnownFileType = sourcecode.swift; path = FindAcronymViewController.swift; sourceTree = "<group>"; };
		75DF663E2A5C2EA2006C6FD7 /* FindAcronymViewModel.swift */ = {isa = PBXFileReference; lastKnownFileType = sourcecode.swift; path = FindAcronymViewModel.swift; sourceTree = "<group>"; };
		75DF66412A5C4883006C6FD7 /* WebServiceManager.swift */ = {isa = PBXFileReference; lastKnownFileType = sourcecode.swift; path = WebServiceManager.swift; sourceTree = "<group>"; };
		75DF66432A5C4E96006C6FD7 /* Product.swift */ = {isa = PBXFileReference; lastKnownFileType = sourcecode.swift; path = Product.swift; sourceTree = "<group>"; };
		75DF66482A5C72E4006C6FD7 /* Products.json */ = {isa = PBXFileReference; lastKnownFileType = text.json; path = Products.json; sourceTree = "<group>"; };
		75FE7AA22A5D28C200B5B3BE /* ProductTableViewCell.swift */ = {isa = PBXFileReference; lastKnownFileType = sourcecode.swift; path = ProductTableViewCell.swift; sourceTree = "<group>"; };
		75FE7AAA2A5D45AE00B5B3BE /* FindAcronymMeaningTests.xctest */ = {isa = PBXFileReference; explicitFileType = wrapper.cfbundle; includeInIndex = 0; path = FindAcronymMeaningTests.xctest; sourceTree = BUILT_PRODUCTS_DIR; };
		75FE7AAC2A5D45AE00B5B3BE /* FindAcronymMeaningTests.swift */ = {isa = PBXFileReference; lastKnownFileType = sourcecode.swift; path = FindAcronymMeaningTests.swift; sourceTree = "<group>"; };
		75FE7AB32A5D45FF00B5B3BE /* FindAcronymViewModelTests.swift */ = {isa = PBXFileReference; lastKnownFileType = sourcecode.swift; path = FindAcronymViewModelTests.swift; sourceTree = "<group>"; };
		E2AFB8A12A5FBCAA008E99B5 /* FindAcronymViewControllerTests.swift */ = {isa = PBXFileReference; lastKnownFileType = sourcecode.swift; path = FindAcronymViewControllerTests.swift; sourceTree = "<group>"; };
/* End PBXFileReference section */

/* Begin PBXFrameworksBuildPhase section */
		75DF66192A5C2976006C6FD7 /* Frameworks */ = {
			isa = PBXFrameworksBuildPhase;
			buildActionMask = 2147483647;
			files = (
			);
			runOnlyForDeploymentPostprocessing = 0;
		};
		75FE7AA72A5D45AE00B5B3BE /* Frameworks */ = {
			isa = PBXFrameworksBuildPhase;
			buildActionMask = 2147483647;
			files = (
			);
			runOnlyForDeploymentPostprocessing = 0;
		};
/* End PBXFrameworksBuildPhase section */

/* Begin PBXGroup section */
		75DF66132A5C2976006C6FD7 = {
			isa = PBXGroup;
			children = (
				75DF661E2A5C2976006C6FD7 /* FindAcronymMeaning */,
				75FE7AAB2A5D45AE00B5B3BE /* FindAcronymMeaningTests */,
				75DF661D2A5C2976006C6FD7 /* Products */,
			);
			sourceTree = "<group>";
		};
		75DF661D2A5C2976006C6FD7 /* Products */ = {
			isa = PBXGroup;
			children = (
				75DF661C2A5C2976006C6FD7 /* FindAcronymMeaning.app */,
				75FE7AAA2A5D45AE00B5B3BE /* FindAcronymMeaningTests.xctest */,
			);
			name = Products;
			sourceTree = "<group>";
		};
		75DF661E2A5C2976006C6FD7 /* FindAcronymMeaning */ = {
			isa = PBXGroup;
			children = (
				75DF661F2A5C2976006C6FD7 /* AppDelegate.swift */,
				75DF66212A5C2976006C6FD7 /* SceneDelegate.swift */,
				75DF66452A5C6E9F006C6FD7 /* Resources */,
				75DF66402A5C4860006C6FD7 /* Network */,
				75DF663B2A5C2DB9006C6FD7 /* ViewModel */,
				75DF663A2A5C2DB2006C6FD7 /* Model */,
				75DF66332A5C2CFB006C6FD7 /* View */,
				75DF66282A5C2978006C6FD7 /* Assets.xcassets */,
				75DF662A2A5C2978006C6FD7 /* LaunchScreen.storyboard */,
				75DF662D2A5C2978006C6FD7 /* Info.plist */,
			);
			path = FindAcronymMeaning;
			sourceTree = "<group>";
		};
		75DF66332A5C2CFB006C6FD7 /* View */ = {
			isa = PBXGroup;
			children = (
				75DF66252A5C2976006C6FD7 /* Main.storyboard */,
				75FE7AA42A5D2DB400B5B3BE /* Controllers */,
				75FE7AA52A5D2DC300B5B3BE /* CustomCells */,
			);
			path = View;
			sourceTree = "<group>";
		};
		75DF663A2A5C2DB2006C6FD7 /* Model */ = {
			isa = PBXGroup;
			children = (
				75DF66432A5C4E96006C6FD7 /* Product.swift */,
			);
			path = Model;
			sourceTree = "<group>";
		};
		75DF663B2A5C2DB9006C6FD7 /* ViewModel */ = {
			isa = PBXGroup;
			children = (
				75DF663E2A5C2EA2006C6FD7 /* FindAcronymViewModel.swift */,
			);
			path = ViewModel;
			sourceTree = "<group>";
		};
		75DF66402A5C4860006C6FD7 /* Network */ = {
			isa = PBXGroup;
			children = (
				75DF66412A5C4883006C6FD7 /* WebServiceManager.swift */,
			);
			path = Network;
			sourceTree = "<group>";
		};
		75DF66452A5C6E9F006C6FD7 /* Resources */ = {
			isa = PBXGroup;
			children = (
				75DF66482A5C72E4006C6FD7 /* Products.json */,
			);
			path = Resources;
			sourceTree = "<group>";
		};
		75FE7AA42A5D2DB400B5B3BE /* Controllers */ = {
			isa = PBXGroup;
			children = (
				75DF663C2A5C2DDA006C6FD7 /* FindAcronymViewController.swift */,
			);
			path = Controllers;
			sourceTree = "<group>";
		};
		75FE7AA52A5D2DC300B5B3BE /* CustomCells */ = {
			isa = PBXGroup;
			children = (
				75FE7AA22A5D28C200B5B3BE /* ProductTableViewCell.swift */,
			);
			path = CustomCells;
			sourceTree = "<group>";
		};
		75FE7AAB2A5D45AE00B5B3BE /* FindAcronymMeaningTests */ = {
			isa = PBXGroup;
			children = (
				75FE7AAC2A5D45AE00B5B3BE /* FindAcronymMeaningTests.swift */,
				75FE7AB32A5D45FF00B5B3BE /* FindAcronymViewModelTests.swift */,
				E2AFB8A12A5FBCAA008E99B5 /* FindAcronymViewControllerTests.swift */,
			);
			path = FindAcronymMeaningTests;
			sourceTree = "<group>";
		};
/* End PBXGroup section */

/* Begin PBXNativeTarget section */
		75DF661B2A5C2976006C6FD7 /* FindAcronymMeaning */ = {
			isa = PBXNativeTarget;
			buildConfigurationList = 75DF66302A5C2978006C6FD7 /* Build configuration list for PBXNativeTarget "FindAcronymMeaning" */;
			buildPhases = (
				75DF66182A5C2976006C6FD7 /* Sources */,
				75DF66192A5C2976006C6FD7 /* Frameworks */,
				75DF661A2A5C2976006C6FD7 /* Resources */,
			);
			buildRules = (
			);
			dependencies = (
			);
			name = FindAcronymMeaning;
			productName = FindAcronymMeaning;
			productReference = 75DF661C2A5C2976006C6FD7 /* FindAcronymMeaning.app */;
			productType = "com.apple.product-type.application";
		};
		75FE7AA92A5D45AE00B5B3BE /* FindAcronymMeaningTests */ = {
			isa = PBXNativeTarget;
			buildConfigurationList = 75FE7AB02A5D45AE00B5B3BE /* Build configuration list for PBXNativeTarget "FindAcronymMeaningTests" */;
			buildPhases = (
				75FE7AA62A5D45AE00B5B3BE /* Sources */,
				75FE7AA72A5D45AE00B5B3BE /* Frameworks */,
				75FE7AA82A5D45AE00B5B3BE /* Resources */,
			);
			buildRules = (
			);
			dependencies = (
				75FE7AAF2A5D45AE00B5B3BE /* PBXTargetDependency */,
			);
			name = FindAcronymMeaningTests;
			productName = FindAcronymMeaningTests;
			productReference = 75FE7AAA2A5D45AE00B5B3BE /* FindAcronymMeaningTests.xctest */;
			productType = "com.apple.product-type.bundle.unit-test";
		};
/* End PBXNativeTarget section */

/* Begin PBXProject section */
		75DF66142A5C2976006C6FD7 /* Project object */ = {
			isa = PBXProject;
			attributes = {
				BuildIndependentTargetsInParallel = 1;
				LastSwiftUpdateCheck = 1400;
				LastUpgradeCheck = 1400;
				TargetAttributes = {
					75DF661B2A5C2976006C6FD7 = {
						CreatedOnToolsVersion = 14.0;
					};
					75FE7AA92A5D45AE00B5B3BE = {
						CreatedOnToolsVersion = 14.0;
						TestTargetID = 75DF661B2A5C2976006C6FD7;
					};
				};
			};
			buildConfigurationList = 75DF66172A5C2976006C6FD7 /* Build configuration list for PBXProject "FindAcronymMeaning" */;
			compatibilityVersion = "Xcode 14.0";
			developmentRegion = en;
			hasScannedForEncodings = 0;
			knownRegions = (
				en,
				Base,
			);
			mainGroup = 75DF66132A5C2976006C6FD7;
			productRefGroup = 75DF661D2A5C2976006C6FD7 /* Products */;
			projectDirPath = "";
			projectRoot = "";
			targets = (
				75DF661B2A5C2976006C6FD7 /* FindAcronymMeaning */,
				75FE7AA92A5D45AE00B5B3BE /* FindAcronymMeaningTests */,
			);
		};
/* End PBXProject section */

/* Begin PBXResourcesBuildPhase section */
		75DF661A2A5C2976006C6FD7 /* Resources */ = {
			isa = PBXResourcesBuildPhase;
			buildActionMask = 2147483647;
			files = (
				75DF662C2A5C2978006C6FD7 /* LaunchScreen.storyboard in Resources */,
				75DF66492A5C72E4006C6FD7 /* Products.json in Resources */,
				75DF66292A5C2978006C6FD7 /* Assets.xcassets in Resources */,
				75DF66272A5C2976006C6FD7 /* Main.storyboard in Resources */,
			);
			runOnlyForDeploymentPostprocessing = 0;
		};
		75FE7AA82A5D45AE00B5B3BE /* Resources */ = {
			isa = PBXResourcesBuildPhase;
			buildActionMask = 2147483647;
			files = (
			);
			runOnlyForDeploymentPostprocessing = 0;
		};
/* End PBXResourcesBuildPhase section */

/* Begin PBXSourcesBuildPhase section */
		75DF66182A5C2976006C6FD7 /* Sources */ = {
			isa = PBXSourcesBuildPhase;
			buildActionMask = 2147483647;
			files = (
				75DF66202A5C2976006C6FD7 /* AppDelegate.swift in Sources */,
				75DF66222A5C2976006C6FD7 /* SceneDelegate.swift in Sources */,
				75FE7AA32A5D28C200B5B3BE /* ProductTableViewCell.swift in Sources */,
				75DF663D2A5C2DDA006C6FD7 /* FindAcronymViewController.swift in Sources */,
				75DF663F2A5C2EA2006C6FD7 /* FindAcronymViewModel.swift in Sources */,
				75DF66422A5C4883006C6FD7 /* WebServiceManager.swift in Sources */,
				75DF66442A5C4E96006C6FD7 /* Product.swift in Sources */,
			);
			runOnlyForDeploymentPostprocessing = 0;
		};
		75FE7AA62A5D45AE00B5B3BE /* Sources */ = {
			isa = PBXSourcesBuildPhase;
			buildActionMask = 2147483647;
			files = (
				75FE7AAD2A5D45AE00B5B3BE /* FindAcronymMeaningTests.swift in Sources */,
				E2AFB8A32A5FBE5B008E99B5 /* FindAcronymViewModelTests.swift in Sources */,
				E2AFB8A22A5FBCAA008E99B5 /* FindAcronymViewControllerTests.swift in Sources */,
			);
			runOnlyForDeploymentPostprocessing = 0;
		};
/* End PBXSourcesBuildPhase section */

/* Begin PBXTargetDependency section */
		75FE7AAF2A5D45AE00B5B3BE /* PBXTargetDependency */ = {
			isa = PBXTargetDependency;
			target = 75DF661B2A5C2976006C6FD7 /* FindAcronymMeaning */;
			targetProxy = 75FE7AAE2A5D45AE00B5B3BE /* PBXContainerItemProxy */;
		};
/* End PBXTargetDependency section */

/* Begin PBXVariantGroup section */
		75DF66252A5C2976006C6FD7 /* Main.storyboard */ = {
			isa = PBXVariantGroup;
			children = (
				75DF66262A5C2976006C6FD7 /* Base */,
			);
			name = Main.storyboard;
			sourceTree = "<group>";
		};
		75DF662A2A5C2978006C6FD7 /* LaunchScreen.storyboard */ = {
			isa = PBXVariantGroup;
			children = (
				75DF662B2A5C2978006C6FD7 /* Base */,
			);
			name = LaunchScreen.storyboard;
			sourceTree = "<group>";
		};
/* End PBXVariantGroup section */

/* Begin XCBuildConfiguration section */
		75DF662E2A5C2978006C6FD7 /* Debug */ = {
			isa = XCBuildConfiguration;
			buildSettings = {
				ALWAYS_SEARCH_USER_PATHS = NO;
				CLANG_ANALYZER_NONNULL = YES;
				CLANG_ANALYZER_NUMBER_OBJECT_CONVERSION = YES_AGGRESSIVE;
				CLANG_CXX_LANGUAGE_STANDARD = "gnu++20";
				CLANG_ENABLE_MODULES = YES;
				CLANG_ENABLE_OBJC_ARC = YES;
				CLANG_ENABLE_OBJC_WEAK = YES;
				CLANG_WARN_BLOCK_CAPTURE_AUTORELEASING = YES;
				CLANG_WARN_BOOL_CONVERSION = YES;
				CLANG_WARN_COMMA = YES;
				CLANG_WARN_CONSTANT_CONVERSION = YES;
				CLANG_WARN_DEPRECATED_OBJC_IMPLEMENTATIONS = YES;
				CLANG_WARN_DIRECT_OBJC_ISA_USAGE = YES_ERROR;
				CLANG_WARN_DOCUMENTATION_COMMENTS = YES;
				CLANG_WARN_EMPTY_BODY = YES;
				CLANG_WARN_ENUM_CONVERSION = YES;
				CLANG_WARN_INFINITE_RECURSION = YES;
				CLANG_WARN_INT_CONVERSION = YES;
				CLANG_WARN_NON_LITERAL_NULL_CONVERSION = YES;
				CLANG_WARN_OBJC_IMPLICIT_RETAIN_SELF = YES;
				CLANG_WARN_OBJC_LITERAL_CONVERSION = YES;
				CLANG_WARN_OBJC_ROOT_CLASS = YES_ERROR;
				CLANG_WARN_QUOTED_INCLUDE_IN_FRAMEWORK_HEADER = YES;
				CLANG_WARN_RANGE_LOOP_ANALYSIS = YES;
				CLANG_WARN_STRICT_PROTOTYPES = YES;
				CLANG_WARN_SUSPICIOUS_MOVE = YES;
				CLANG_WARN_UNGUARDED_AVAILABILITY = YES_AGGRESSIVE;
				CLANG_WARN_UNREACHABLE_CODE = YES;
				CLANG_WARN__DUPLICATE_METHOD_MATCH = YES;
				COPY_PHASE_STRIP = NO;
				DEBUG_INFORMATION_FORMAT = dwarf;
				ENABLE_STRICT_OBJC_MSGSEND = YES;
				ENABLE_TESTABILITY = YES;
				GCC_C_LANGUAGE_STANDARD = gnu11;
				GCC_DYNAMIC_NO_PIC = NO;
				GCC_NO_COMMON_BLOCKS = YES;
				GCC_OPTIMIZATION_LEVEL = 0;
				GCC_PREPROCESSOR_DEFINITIONS = (
					"DEBUG=1",
					"$(inherited)",
				);
				GCC_WARN_64_TO_32_BIT_CONVERSION = YES;
				GCC_WARN_ABOUT_RETURN_TYPE = YES_ERROR;
				GCC_WARN_UNDECLARED_SELECTOR = YES;
				GCC_WARN_UNINITIALIZED_AUTOS = YES_AGGRESSIVE;
				GCC_WARN_UNUSED_FUNCTION = YES;
				GCC_WARN_UNUSED_VARIABLE = YES;
				IPHONEOS_DEPLOYMENT_TARGET = 16.0;
				MTL_ENABLE_DEBUG_INFO = INCLUDE_SOURCE;
				MTL_FAST_MATH = YES;
				ONLY_ACTIVE_ARCH = YES;
				SDKROOT = iphoneos;
				SWIFT_ACTIVE_COMPILATION_CONDITIONS = DEBUG;
				SWIFT_OPTIMIZATION_LEVEL = "-Onone";
			};
			name = Debug;
		};
		75DF662F2A5C2978006C6FD7 /* Release */ = {
			isa = XCBuildConfiguration;
			buildSettings = {
				ALWAYS_SEARCH_USER_PATHS = NO;
				CLANG_ANALYZER_NONNULL = YES;
				CLANG_ANALYZER_NUMBER_OBJECT_CONVERSION = YES_AGGRESSIVE;
				CLANG_CXX_LANGUAGE_STANDARD = "gnu++20";
				CLANG_ENABLE_MODULES = YES;
				CLANG_ENABLE_OBJC_ARC = YES;
				CLANG_ENABLE_OBJC_WEAK = YES;
				CLANG_WARN_BLOCK_CAPTURE_AUTORELEASING = YES;
				CLANG_WARN_BOOL_CONVERSION = YES;
				CLANG_WARN_COMMA = YES;
				CLANG_WARN_CONSTANT_CONVERSION = YES;
				CLANG_WARN_DEPRECATED_OBJC_IMPLEMENTATIONS = YES;
				CLANG_WARN_DIRECT_OBJC_ISA_USAGE = YES_ERROR;
				CLANG_WARN_DOCUMENTATION_COMMENTS = YES;
				CLANG_WARN_EMPTY_BODY = YES;
				CLANG_WARN_ENUM_CONVERSION = YES;
				CLANG_WARN_INFINITE_RECURSION = YES;
				CLANG_WARN_INT_CONVERSION = YES;
				CLANG_WARN_NON_LITERAL_NULL_CONVERSION = YES;
				CLANG_WARN_OBJC_IMPLICIT_RETAIN_SELF = YES;
				CLANG_WARN_OBJC_LITERAL_CONVERSION = YES;
				CLANG_WARN_OBJC_ROOT_CLASS = YES_ERROR;
				CLANG_WARN_QUOTED_INCLUDE_IN_FRAMEWORK_HEADER = YES;
				CLANG_WARN_RANGE_LOOP_ANALYSIS = YES;
				CLANG_WARN_STRICT_PROTOTYPES = YES;
				CLANG_WARN_SUSPICIOUS_MOVE = YES;
				CLANG_WARN_UNGUARDED_AVAILABILITY = YES_AGGRESSIVE;
				CLANG_WARN_UNREACHABLE_CODE = YES;
				CLANG_WARN__DUPLICATE_METHOD_MATCH = YES;
				COPY_PHASE_STRIP = NO;
				DEBUG_INFORMATION_FORMAT = "dwarf-with-dsym";
				ENABLE_NS_ASSERTIONS = NO;
				ENABLE_STRICT_OBJC_MSGSEND = YES;
				GCC_C_LANGUAGE_STANDARD = gnu11;
				GCC_NO_COMMON_BLOCKS = YES;
				GCC_WARN_64_TO_32_BIT_CONVERSION = YES;
				GCC_WARN_ABOUT_RETURN_TYPE = YES_ERROR;
				GCC_WARN_UNDECLARED_SELECTOR = YES;
				GCC_WARN_UNINITIALIZED_AUTOS = YES_AGGRESSIVE;
				GCC_WARN_UNUSED_FUNCTION = YES;
				GCC_WARN_UNUSED_VARIABLE = YES;
				IPHONEOS_DEPLOYMENT_TARGET = 16.0;
				MTL_ENABLE_DEBUG_INFO = NO;
				MTL_FAST_MATH = YES;
				SDKROOT = iphoneos;
				SWIFT_COMPILATION_MODE = wholemodule;
				SWIFT_OPTIMIZATION_LEVEL = "-O";
				VALIDATE_PRODUCT = YES;
			};
			name = Release;
		};
		75DF66312A5C2978006C6FD7 /* Debug */ = {
			isa = XCBuildConfiguration;
			buildSettings = {
				ASSETCATALOG_COMPILER_APPICON_NAME = AppIcon;
				ASSETCATALOG_COMPILER_GLOBAL_ACCENT_COLOR_NAME = AccentColor;
				CODE_SIGN_STYLE = Automatic;
				CURRENT_PROJECT_VERSION = 1;
				GENERATE_INFOPLIST_FILE = YES;
				INFOPLIST_FILE = FindAcronymMeaning/Info.plist;
				INFOPLIST_KEY_UIApplicationSupportsIndirectInputEvents = YES;
				INFOPLIST_KEY_UILaunchStoryboardName = LaunchScreen;
				INFOPLIST_KEY_UIMainStoryboardFile = Main;
				INFOPLIST_KEY_UISupportedInterfaceOrientations_iPad = "UIInterfaceOrientationPortrait UIInterfaceOrientationPortraitUpsideDown UIInterfaceOrientationLandscapeLeft UIInterfaceOrientationLandscapeRight";
				INFOPLIST_KEY_UISupportedInterfaceOrientations_iPhone = "UIInterfaceOrientationPortrait UIInterfaceOrientationLandscapeLeft UIInterfaceOrientationLandscapeRight";
				LD_RUNPATH_SEARCH_PATHS = (
					"$(inherited)",
					"@executable_path/Frameworks",
				);
				MARKETING_VERSION = 1.0;
				PRODUCT_BUNDLE_IDENTIFIER = com.test.FindAcronymMeaning;
				PRODUCT_NAME = "$(TARGET_NAME)";
				SWIFT_EMIT_LOC_STRINGS = YES;
				SWIFT_VERSION = 5.0;
				TARGETED_DEVICE_FAMILY = "1,2";
			};
			name = Debug;
		};
		75DF66322A5C2978006C6FD7 /* Release */ = {
			isa = XCBuildConfiguration;
			buildSettings = {
				ASSETCATALOG_COMPILER_APPICON_NAME = AppIcon;
				ASSETCATALOG_COMPILER_GLOBAL_ACCENT_COLOR_NAME = AccentColor;
				CODE_SIGN_STYLE = Automatic;
				CURRENT_PROJECT_VERSION = 1;
				GENERATE_INFOPLIST_FILE = YES;
				INFOPLIST_FILE = FindAcronymMeaning/Info.plist;
				INFOPLIST_KEY_UIApplicationSupportsIndirectInputEvents = YES;
				INFOPLIST_KEY_UILaunchStoryboardName = LaunchScreen;
				INFOPLIST_KEY_UIMainStoryboardFile = Main;
				INFOPLIST_KEY_UISupportedInterfaceOrientations_iPad = "UIInterfaceOrientationPortrait UIInterfaceOrientationPortraitUpsideDown UIInterfaceOrientationLandscapeLeft UIInterfaceOrientationLandscapeRight";
				INFOPLIST_KEY_UISupportedInterfaceOrientations_iPhone = "UIInterfaceOrientationPortrait UIInterfaceOrientationLandscapeLeft UIInterfaceOrientationLandscapeRight";
				LD_RUNPATH_SEARCH_PATHS = (
					"$(inherited)",
					"@executable_path/Frameworks",
				);
				MARKETING_VERSION = 1.0;
				PRODUCT_BUNDLE_IDENTIFIER = com.test.FindAcronymMeaning;
				PRODUCT_NAME = "$(TARGET_NAME)";
				SWIFT_EMIT_LOC_STRINGS = YES;
				SWIFT_VERSION = 5.0;
				TARGETED_DEVICE_FAMILY = "1,2";
			};
			name = Release;
		};
		75FE7AB12A5D45AE00B5B3BE /* Debug */ = {
			isa = XCBuildConfiguration;
			buildSettings = {
				BUNDLE_LOADER = "$(TEST_HOST)";
				CODE_SIGN_STYLE = Automatic;
				CURRENT_PROJECT_VERSION = 1;
				GENERATE_INFOPLIST_FILE = YES;
				MARKETING_VERSION = 1.0;
				PRODUCT_BUNDLE_IDENTIFIER = com.test.FindAcronymMeaningTests;
				PRODUCT_NAME = "$(TARGET_NAME)";
				SWIFT_EMIT_LOC_STRINGS = NO;
				SWIFT_VERSION = 5.0;
				TARGETED_DEVICE_FAMILY = "1,2";
				TEST_HOST = "$(BUILT_PRODUCTS_DIR)/FindAcronymMeaning.app/$(BUNDLE_EXECUTABLE_FOLDER_PATH)/FindAcronymMeaning";
			};
			name = Debug;
		};
		75FE7AB22A5D45AE00B5B3BE /* Release */ = {
			isa = XCBuildConfiguration;
			buildSettings = {
				BUNDLE_LOADER = "$(TEST_HOST)";
				CODE_SIGN_STYLE = Automatic;
				CURRENT_PROJECT_VERSION = 1;
				GENERATE_INFOPLIST_FILE = YES;
				MARKETING_VERSION = 1.0;
				PRODUCT_BUNDLE_IDENTIFIER = com.test.FindAcronymMeaningTests;
				PRODUCT_NAME = "$(TARGET_NAME)";
				SWIFT_EMIT_LOC_STRINGS = NO;
				SWIFT_VERSION = 5.0;
				TARGETED_DEVICE_FAMILY = "1,2";
				TEST_HOST = "$(BUILT_PRODUCTS_DIR)/FindAcronymMeaning.app/$(BUNDLE_EXECUTABLE_FOLDER_PATH)/FindAcronymMeaning";
			};
			name = Release;
		};
/* End XCBuildConfiguration section */

/* Begin XCConfigurationList section */
		75DF66172A5C2976006C6FD7 /* Build configuration list for PBXProject "FindAcronymMeaning" */ = {
			isa = XCConfigurationList;
			buildConfigurations = (
				75DF662E2A5C2978006C6FD7 /* Debug */,
				75DF662F2A5C2978006C6FD7 /* Release */,
			);
			defaultConfigurationIsVisible = 0;
			defaultConfigurationName = Release;
		};
		75DF66302A5C2978006C6FD7 /* Build configuration list for PBXNativeTarget "FindAcronymMeaning" */ = {
			isa = XCConfigurationList;
			buildConfigurations = (
				75DF66312A5C2978006C6FD7 /* Debug */,
				75DF66322A5C2978006C6FD7 /* Release */,
			);
			defaultConfigurationIsVisible = 0;
			defaultConfigurationName = Release;
		};
		75FE7AB02A5D45AE00B5B3BE /* Build configuration list for PBXNativeTarget "FindAcronymMeaningTests" */ = {
			isa = XCConfigurationList;
			buildConfigurations = (
				75FE7AB12A5D45AE00B5B3BE /* Debug */,
				75FE7AB22A5D45AE00B5B3BE /* Release */,
			);
			defaultConfigurationIsVisible = 0;
			defaultConfigurationName = Release;
		};
/* End XCConfigurationList section */
	};
	rootObject = 75DF66142A5C2976006C6FD7 /* Project object */;
}
